
Microsoft Visual Studio Solution File, Format Version 12.00
# Visual Studio Version 17
VisualStudioVersion = 17.11.35327.3
MinimumVisualStudioVersion = 10.0.40219.1
Project("{FAE04EC0-301F-11D3-BF4B-00C04F79EFBC}") = "UploadDeArquivos", "UploadDeArquivos\UploadDeArquivos.csproj", "{6C46EB76-8F27-401F-8DBF-084869AE0E14}"
EndProject
Global
	GlobalSection(SolutionConfigurationPlatforms) = preSolution
		Debug|Any CPU = Debug|Any CPU
		Release|Any CPU = Release|Any CPU
	EndGlobalSection
	GlobalSection(ProjectConfigurationPlatforms) = postSolution
		{6C46EB76-8F27-401F-8DBF-084869AE0E14}.Debug|Any CPU.ActiveCfg = Debug|Any CPU
		{6C46EB76-8F27-401F-8DBF-084869AE0E14}.Debug|Any CPU.Build.0 = Debug|Any CPU
		{6C46EB76-8F27-401F-8DBF-084869AE0E14}.Release|Any CPU.ActiveCfg = Release|Any CPU
		{6C46EB76-8F27-401F-8DBF-084869AE0E14}.Release|Any CPU.Build.0 = Release|Any CPU
	EndGlobalSection
	GlobalSection(SolutionProperties) = preSolution
		HideSolutionNode = FALSE
	EndGlobalSection
	GlobalSection(ExtensibilityGlobals) = postSolution
		SolutionGuid = {7C0B1C7A-A758-4817-9B7D-4AB7B0531929}
	EndGlobalSection
EndGlobal
